
Microsoft Visual Studio Solution File, Format Version 12.00
# Visual Studio Version 17
VisualStudioVersion = 17.10.34916.146
MinimumVisualStudioVersion = 10.0.40219.1
Project("{FAE04EC0-301F-11D3-BF4B-00C04F79EFBC}") = "PalindromeString", "PalindromeString.csproj", "{C326B46E-AA87-423D-AADC-25E7C6284062}"
EndProject
Global
	GlobalSection(SolutionConfigurationPlatforms) = preSolution
		Debug|Any CPU = Debug|Any CPU
		Release|Any CPU = Release|Any CPU
	EndGlobalSection
	GlobalSection(ProjectConfigurationPlatforms) = postSolution
		{C326B46E-AA87-423D-AADC-25E7C6284062}.Debug|Any CPU.ActiveCfg = Debug|Any CPU
		{C326B46E-AA87-423D-AADC-25E7C6284062}.Debug|Any CPU.Build.0 = Debug|Any CPU
		{C326B46E-AA87-423D-AADC-25E7C6284062}.Release|Any CPU.ActiveCfg = Release|Any CPU
		{C326B46E-AA87-423D-AADC-25E7C6284062}.Release|Any CPU.Build.0 = Release|Any CPU
	EndGlobalSection
	GlobalSection(SolutionProperties) = preSolution
		HideSolutionNode = FALSE
	EndGlobalSection
	GlobalSection(ExtensibilityGlobals) = postSolution
		SolutionGuid = {5A4E8011-E991-428A-BEAE-50853FF33CA0}
	EndGlobalSection
EndGlobal
