
Microsoft Visual Studio Solution File, Format Version 12.00
# Visual Studio Version 17
VisualStudioVersion = 17.10.34916.146
MinimumVisualStudioVersion = 10.0.40219.1
Project("{FAE04EC0-301F-11D3-BF4B-00C04F79EFBC}") = "Task-6", "Task-6.csproj", "{84CE0F0E-6B05-46C4-8BB2-A7C719473A23}"
EndProject
Global
	GlobalSection(SolutionConfigurationPlatforms) = preSolution
		Debug|Any CPU = Debug|Any CPU
		Release|Any CPU = Release|Any CPU
	EndGlobalSection
	GlobalSection(ProjectConfigurationPlatforms) = postSolution
		{84CE0F0E-6B05-46C4-8BB2-A7C719473A23}.Debug|Any CPU.ActiveCfg = Debug|Any CPU
		{84CE0F0E-6B05-46C4-8BB2-A7C719473A23}.Debug|Any CPU.Build.0 = Debug|Any CPU
		{84CE0F0E-6B05-46C4-8BB2-A7C719473A23}.Release|Any CPU.ActiveCfg = Release|Any CPU
		{84CE0F0E-6B05-46C4-8BB2-A7C719473A23}.Release|Any CPU.Build.0 = Release|Any CPU
	EndGlobalSection
	GlobalSection(SolutionProperties) = preSolution
		HideSolutionNode = FALSE
	EndGlobalSection
	GlobalSection(ExtensibilityGlobals) = postSolution
		SolutionGuid = {101440CF-559E-487C-8965-94A4C83A7ED5}
	EndGlobalSection
EndGlobal
