
Microsoft Visual Studio Solution File, Format Version 12.00
# Visual Studio Version 17
VisualStudioVersion = 17.10.34916.146
MinimumVisualStudioVersion = 10.0.40219.1
Project("{FAE04EC0-301F-11D3-BF4B-00C04F79EFBC}") = "Task-4", "Task-4.csproj", "{404C6E0C-00A1-4690-91FD-DE1706D0919C}"
EndProject
Global
	GlobalSection(SolutionConfigurationPlatforms) = preSolution
		Debug|Any CPU = Debug|Any CPU
		Release|Any CPU = Release|Any CPU
	EndGlobalSection
	GlobalSection(ProjectConfigurationPlatforms) = postSolution
		{404C6E0C-00A1-4690-91FD-DE1706D0919C}.Debug|Any CPU.ActiveCfg = Debug|Any CPU
		{404C6E0C-00A1-4690-91FD-DE1706D0919C}.Debug|Any CPU.Build.0 = Debug|Any CPU
		{404C6E0C-00A1-4690-91FD-DE1706D0919C}.Release|Any CPU.ActiveCfg = Release|Any CPU
		{404C6E0C-00A1-4690-91FD-DE1706D0919C}.Release|Any CPU.Build.0 = Release|Any CPU
	EndGlobalSection
	GlobalSection(SolutionProperties) = preSolution
		HideSolutionNode = FALSE
	EndGlobalSection
	GlobalSection(ExtensibilityGlobals) = postSolution
		SolutionGuid = {784D282B-4002-46D3-A197-F91ECD2792F4}
	EndGlobalSection
EndGlobal
