
Microsoft Visual Studio Solution File, Format Version 12.00
# Visual Studio Version 17
VisualStudioVersion = 17.10.34916.146
MinimumVisualStudioVersion = 10.0.40219.1
Project("{FAE04EC0-301F-11D3-BF4B-00C04F79EFBC}") = "Task-5", "Task-5.csproj", "{42231244-7577-4A98-BD56-8DDEF2BC94EC}"
EndProject
Global
	GlobalSection(SolutionConfigurationPlatforms) = preSolution
		Debug|Any CPU = Debug|Any CPU
		Release|Any CPU = Release|Any CPU
	EndGlobalSection
	GlobalSection(ProjectConfigurationPlatforms) = postSolution
		{42231244-7577-4A98-BD56-8DDEF2BC94EC}.Debug|Any CPU.ActiveCfg = Debug|Any CPU
		{42231244-7577-4A98-BD56-8DDEF2BC94EC}.Debug|Any CPU.Build.0 = Debug|Any CPU
		{42231244-7577-4A98-BD56-8DDEF2BC94EC}.Release|Any CPU.ActiveCfg = Release|Any CPU
		{42231244-7577-4A98-BD56-8DDEF2BC94EC}.Release|Any CPU.Build.0 = Release|Any CPU
	EndGlobalSection
	GlobalSection(SolutionProperties) = preSolution
		HideSolutionNode = FALSE
	EndGlobalSection
	GlobalSection(ExtensibilityGlobals) = postSolution
		SolutionGuid = {F52856BA-27A2-45D9-91AE-B713DEE43CAC}
	EndGlobalSection
EndGlobal
