
Microsoft Visual Studio Solution File, Format Version 12.00
# Visual Studio Version 17
VisualStudioVersion = 17.10.34916.146
MinimumVisualStudioVersion = 10.0.40219.1
Project("{FAE04EC0-301F-11D3-BF4B-00C04F79EFBC}") = "25JunTask-1", "25JunTask-1.csproj", "{B11BB447-6F4F-4F37-9191-770CA5025FD5}"
EndProject
Global
	GlobalSection(SolutionConfigurationPlatforms) = preSolution
		Debug|Any CPU = Debug|Any CPU
		Release|Any CPU = Release|Any CPU
	EndGlobalSection
	GlobalSection(ProjectConfigurationPlatforms) = postSolution
		{B11BB447-6F4F-4F37-9191-770CA5025FD5}.Debug|Any CPU.ActiveCfg = Debug|Any CPU
		{B11BB447-6F4F-4F37-9191-770CA5025FD5}.Debug|Any CPU.Build.0 = Debug|Any CPU
		{B11BB447-6F4F-4F37-9191-770CA5025FD5}.Release|Any CPU.ActiveCfg = Release|Any CPU
		{B11BB447-6F4F-4F37-9191-770CA5025FD5}.Release|Any CPU.Build.0 = Release|Any CPU
	EndGlobalSection
	GlobalSection(SolutionProperties) = preSolution
		HideSolutionNode = FALSE
	EndGlobalSection
	GlobalSection(ExtensibilityGlobals) = postSolution
		SolutionGuid = {3CD9EABA-4525-429A-9E50-240EE8A93ED2}
	EndGlobalSection
EndGlobal
