
Microsoft Visual Studio Solution File, Format Version 12.00
# Visual Studio Version 17
VisualStudioVersion = 17.10.34916.146
MinimumVisualStudioVersion = 10.0.40219.1
Project("{FAE04EC0-301F-11D3-BF4B-00C04F79EFBC}") = "27JunTask-1", "27JunTask-1.csproj", "{6EE2E8A7-533F-4B58-BB2A-7BED66990D8B}"
EndProject
Global
	GlobalSection(SolutionConfigurationPlatforms) = preSolution
		Debug|Any CPU = Debug|Any CPU
		Release|Any CPU = Release|Any CPU
	EndGlobalSection
	GlobalSection(ProjectConfigurationPlatforms) = postSolution
		{6EE2E8A7-533F-4B58-BB2A-7BED66990D8B}.Debug|Any CPU.ActiveCfg = Debug|Any CPU
		{6EE2E8A7-533F-4B58-BB2A-7BED66990D8B}.Debug|Any CPU.Build.0 = Debug|Any CPU
		{6EE2E8A7-533F-4B58-BB2A-7BED66990D8B}.Release|Any CPU.ActiveCfg = Release|Any CPU
		{6EE2E8A7-533F-4B58-BB2A-7BED66990D8B}.Release|Any CPU.Build.0 = Release|Any CPU
	EndGlobalSection
	GlobalSection(SolutionProperties) = preSolution
		HideSolutionNode = FALSE
	EndGlobalSection
	GlobalSection(ExtensibilityGlobals) = postSolution
		SolutionGuid = {E95E5735-7F39-440E-B14D-828655AA24C9}
	EndGlobalSection
EndGlobal
