
Microsoft Visual Studio Solution File, Format Version 12.00
# Visual Studio Version 17
VisualStudioVersion = 17.10.34916.146
MinimumVisualStudioVersion = 10.0.40219.1
Project("{FAE04EC0-301F-11D3-BF4B-00C04F79EFBC}") = "Factorial", "Factorial.csproj", "{E43B6631-C4FF-4170-B9B3-F7291F539B96}"
EndProject
Global
	GlobalSection(SolutionConfigurationPlatforms) = preSolution
		Debug|Any CPU = Debug|Any CPU
		Release|Any CPU = Release|Any CPU
	EndGlobalSection
	GlobalSection(ProjectConfigurationPlatforms) = postSolution
		{E43B6631-C4FF-4170-B9B3-F7291F539B96}.Debug|Any CPU.ActiveCfg = Debug|Any CPU
		{E43B6631-C4FF-4170-B9B3-F7291F539B96}.Debug|Any CPU.Build.0 = Debug|Any CPU
		{E43B6631-C4FF-4170-B9B3-F7291F539B96}.Release|Any CPU.ActiveCfg = Release|Any CPU
		{E43B6631-C4FF-4170-B9B3-F7291F539B96}.Release|Any CPU.Build.0 = Release|Any CPU
	EndGlobalSection
	GlobalSection(SolutionProperties) = preSolution
		HideSolutionNode = FALSE
	EndGlobalSection
	GlobalSection(ExtensibilityGlobals) = postSolution
		SolutionGuid = {DCAB16E4-BAC8-437C-9762-02E799E5A088}
	EndGlobalSection
EndGlobal
