
Microsoft Visual Studio Solution File, Format Version 12.00
# Visual Studio Version 17
VisualStudioVersion = 17.10.34916.146
MinimumVisualStudioVersion = 10.0.40219.1
Project("{FAE04EC0-301F-11D3-BF4B-00C04F79EFBC}") = "Task-7.4", "Task-7.4.csproj", "{92752677-5FAA-4768-9C66-997A8A1B4ABB}"
EndProject
Global
	GlobalSection(SolutionConfigurationPlatforms) = preSolution
		Debug|Any CPU = Debug|Any CPU
		Release|Any CPU = Release|Any CPU
	EndGlobalSection
	GlobalSection(ProjectConfigurationPlatforms) = postSolution
		{92752677-5FAA-4768-9C66-997A8A1B4ABB}.Debug|Any CPU.ActiveCfg = Debug|Any CPU
		{92752677-5FAA-4768-9C66-997A8A1B4ABB}.Debug|Any CPU.Build.0 = Debug|Any CPU
		{92752677-5FAA-4768-9C66-997A8A1B4ABB}.Release|Any CPU.ActiveCfg = Release|Any CPU
		{92752677-5FAA-4768-9C66-997A8A1B4ABB}.Release|Any CPU.Build.0 = Release|Any CPU
	EndGlobalSection
	GlobalSection(SolutionProperties) = preSolution
		HideSolutionNode = FALSE
	EndGlobalSection
	GlobalSection(ExtensibilityGlobals) = postSolution
		SolutionGuid = {593AFEB5-0FBD-410D-98D9-E99BF6544DF4}
	EndGlobalSection
EndGlobal
