
Microsoft Visual Studio Solution File, Format Version 12.00
# Visual Studio Version 17
VisualStudioVersion = 17.10.34916.146
MinimumVisualStudioVersion = 10.0.40219.1
Project("{FAE04EC0-301F-11D3-BF4B-00C04F79EFBC}") = "12JulyTask-1", "12JulyTask-1.csproj", "{6E549222-AFB8-45E2-9B19-F8EA5123E0FE}"
EndProject
Global
	GlobalSection(SolutionConfigurationPlatforms) = preSolution
		Debug|Any CPU = Debug|Any CPU
		Release|Any CPU = Release|Any CPU
	EndGlobalSection
	GlobalSection(ProjectConfigurationPlatforms) = postSolution
		{6E549222-AFB8-45E2-9B19-F8EA5123E0FE}.Debug|Any CPU.ActiveCfg = Debug|Any CPU
		{6E549222-AFB8-45E2-9B19-F8EA5123E0FE}.Debug|Any CPU.Build.0 = Debug|Any CPU
		{6E549222-AFB8-45E2-9B19-F8EA5123E0FE}.Release|Any CPU.ActiveCfg = Release|Any CPU
		{6E549222-AFB8-45E2-9B19-F8EA5123E0FE}.Release|Any CPU.Build.0 = Release|Any CPU
	EndGlobalSection
	GlobalSection(SolutionProperties) = preSolution
		HideSolutionNode = FALSE
	EndGlobalSection
	GlobalSection(ExtensibilityGlobals) = postSolution
		SolutionGuid = {86C9F8AB-4199-437E-A3C6-0D8BC4B43FF5}
	EndGlobalSection
EndGlobal
