
Microsoft Visual Studio Solution File, Format Version 12.00
# Visual Studio Version 17
VisualStudioVersion = 17.10.34916.146
MinimumVisualStudioVersion = 10.0.40219.1
Project("{FAE04EC0-301F-11D3-BF4B-00C04F79EFBC}") = "25JunTask-3", "25JunTask-3.csproj", "{F86B9626-FE31-466C-BFEC-792C4C5C7367}"
EndProject
Global
	GlobalSection(SolutionConfigurationPlatforms) = preSolution
		Debug|Any CPU = Debug|Any CPU
		Release|Any CPU = Release|Any CPU
	EndGlobalSection
	GlobalSection(ProjectConfigurationPlatforms) = postSolution
		{F86B9626-FE31-466C-BFEC-792C4C5C7367}.Debug|Any CPU.ActiveCfg = Debug|Any CPU
		{F86B9626-FE31-466C-BFEC-792C4C5C7367}.Debug|Any CPU.Build.0 = Debug|Any CPU
		{F86B9626-FE31-466C-BFEC-792C4C5C7367}.Release|Any CPU.ActiveCfg = Release|Any CPU
		{F86B9626-FE31-466C-BFEC-792C4C5C7367}.Release|Any CPU.Build.0 = Release|Any CPU
	EndGlobalSection
	GlobalSection(SolutionProperties) = preSolution
		HideSolutionNode = FALSE
	EndGlobalSection
	GlobalSection(ExtensibilityGlobals) = postSolution
		SolutionGuid = {007E2593-BEDA-4CFD-956A-7FE195CB526D}
	EndGlobalSection
EndGlobal
