
Microsoft Visual Studio Solution File, Format Version 12.00
# Visual Studio Version 17
VisualStudioVersion = 17.10.34916.146
MinimumVisualStudioVersion = 10.0.40219.1
Project("{FAE04EC0-301F-11D3-BF4B-00C04F79EFBC}") = "19junTask-1", "19junTask-1.csproj", "{47922665-E0B8-4F21-827E-CBEAF96A9E76}"
EndProject
Global
	GlobalSection(SolutionConfigurationPlatforms) = preSolution
		Debug|Any CPU = Debug|Any CPU
		Release|Any CPU = Release|Any CPU
	EndGlobalSection
	GlobalSection(ProjectConfigurationPlatforms) = postSolution
		{47922665-E0B8-4F21-827E-CBEAF96A9E76}.Debug|Any CPU.ActiveCfg = Debug|Any CPU
		{47922665-E0B8-4F21-827E-CBEAF96A9E76}.Debug|Any CPU.Build.0 = Debug|Any CPU
		{47922665-E0B8-4F21-827E-CBEAF96A9E76}.Release|Any CPU.ActiveCfg = Release|Any CPU
		{47922665-E0B8-4F21-827E-CBEAF96A9E76}.Release|Any CPU.Build.0 = Release|Any CPU
	EndGlobalSection
	GlobalSection(SolutionProperties) = preSolution
		HideSolutionNode = FALSE
	EndGlobalSection
	GlobalSection(ExtensibilityGlobals) = postSolution
		SolutionGuid = {CB09C497-EDA7-4477-B703-D127649D7A87}
	EndGlobalSection
EndGlobal
