
Microsoft Visual Studio Solution File, Format Version 12.00
# Visual Studio Version 17
VisualStudioVersion = 17.10.34916.146
MinimumVisualStudioVersion = 10.0.40219.1
Project("{FAE04EC0-301F-11D3-BF4B-00C04F79EFBC}") = "Task-12.1", "Task-12.1.csproj", "{2B5415C2-A8D8-4DC6-9FA4-CD1BFF083C81}"
EndProject
Global
	GlobalSection(SolutionConfigurationPlatforms) = preSolution
		Debug|Any CPU = Debug|Any CPU
		Release|Any CPU = Release|Any CPU
	EndGlobalSection
	GlobalSection(ProjectConfigurationPlatforms) = postSolution
		{2B5415C2-A8D8-4DC6-9FA4-CD1BFF083C81}.Debug|Any CPU.ActiveCfg = Debug|Any CPU
		{2B5415C2-A8D8-4DC6-9FA4-CD1BFF083C81}.Debug|Any CPU.Build.0 = Debug|Any CPU
		{2B5415C2-A8D8-4DC6-9FA4-CD1BFF083C81}.Release|Any CPU.ActiveCfg = Release|Any CPU
		{2B5415C2-A8D8-4DC6-9FA4-CD1BFF083C81}.Release|Any CPU.Build.0 = Release|Any CPU
	EndGlobalSection
	GlobalSection(SolutionProperties) = preSolution
		HideSolutionNode = FALSE
	EndGlobalSection
	GlobalSection(ExtensibilityGlobals) = postSolution
		SolutionGuid = {FDBF0C68-03F8-42CB-982A-05AE6B56FEAE}
	EndGlobalSection
EndGlobal
