
Microsoft Visual Studio Solution File, Format Version 12.00
# Visual Studio Version 17
VisualStudioVersion = 17.10.34916.146
MinimumVisualStudioVersion = 10.0.40219.1
Project("{FAE04EC0-301F-11D3-BF4B-00C04F79EFBC}") = "Task-7.6", "Task-7.6.csproj", "{3BC93D70-34F2-4106-905E-CDA4CF2743F6}"
EndProject
Global
	GlobalSection(SolutionConfigurationPlatforms) = preSolution
		Debug|Any CPU = Debug|Any CPU
		Release|Any CPU = Release|Any CPU
	EndGlobalSection
	GlobalSection(ProjectConfigurationPlatforms) = postSolution
		{3BC93D70-34F2-4106-905E-CDA4CF2743F6}.Debug|Any CPU.ActiveCfg = Debug|Any CPU
		{3BC93D70-34F2-4106-905E-CDA4CF2743F6}.Debug|Any CPU.Build.0 = Debug|Any CPU
		{3BC93D70-34F2-4106-905E-CDA4CF2743F6}.Release|Any CPU.ActiveCfg = Release|Any CPU
		{3BC93D70-34F2-4106-905E-CDA4CF2743F6}.Release|Any CPU.Build.0 = Release|Any CPU
	EndGlobalSection
	GlobalSection(SolutionProperties) = preSolution
		HideSolutionNode = FALSE
	EndGlobalSection
	GlobalSection(ExtensibilityGlobals) = postSolution
		SolutionGuid = {60ACDF94-9934-44AC-A68B-27E20A28421E}
	EndGlobalSection
EndGlobal
